# This file was autogenerated by Stack.
# You should not edit this file by hand.
# For more information, please see the documentation at:
#   https://docs.haskellstack.org/en/stable/lock_files

packages:
- completed:
    hackage: hindent-5.3.2@sha256:070a3622d13e6f0c44d8d189df8f780f61d0b813435a902925ef6d9386b42260,3610
    pantry-tree:
      size: 1027
      sha256: 36f9c65bbe71c49741c20839606494dacd70c04e0e70649f1da0978aeaf5f77a
  original:
    hackage: hindent-5.3.2
snapshots:
- completed:
    size: 567037
    url: https://raw.githubusercontent.com/commercialhaskell/stackage-snapshots/master/lts/17/9.yaml
    sha256: d7d8d5106e53d1669964bd8bd2b0f88a5ad192d772f5376384b76738fd992311
  original:
    url: https://raw.githubusercontent.com/commercialhaskell/stackage-snapshots/master/lts/17/9.yaml
